// !$*UTF8*$!
{
	archiveVersion = 1;
	classes = {
	};
	objectVersion = 46;
	objects = {

/* Begin PBXBuildFile section */
		DB0669591CDB237E004196B8 /* main.m in Sources */ = {isa = PBXBuildFile; fileRef = DB0669581CDB237E004196B8 /* main.m */; };
		DB06695C1CDB237E004196B8 /* AppDelegate.m in Sources */ = {isa = PBXBuildFile; fileRef = DB06695B1CDB237E004196B8 /* AppDelegate.m */; };
		DB06695F1CDB237E004196B8 /* ViewController.m in Sources */ = {isa = PBXBuildFile; fileRef = DB06695E1CDB237E004196B8 /* ViewController.m */; };
		DB0669621CDB237E004196B8 /* Main.storyboard in Resources */ = {isa = PBXBuildFile; fileRef = DB0669601CDB237E004196B8 /* Main.storyboard */; };
		DB0669641CDB237E004196B8 /* Assets.xcassets in Resources */ = {isa = PBXBuildFile; fileRef = DB0669631CDB237E004196B8 /* Assets.xcassets */; };
		DB0669671CDB237E004196B8 /* LaunchScreen.storyboard in Resources */ = {isa = PBXBuildFile; fileRef = DB0669651CDB237E004196B8 /* LaunchScreen.storyboard */; };
		DB0669721CDB237E004196B8 /* AlertViewiOS6Tests.m in Sources */ = {isa = PBXBuildFile; fileRef = DB0669711CDB237E004196B8 /* AlertViewiOS6Tests.m */; };
		DB06697D1CDB237E004196B8 /* AlertViewiOS6UITests.m in Sources */ = {isa = PBXBuildFile; fileRef = DB06697C1CDB237E004196B8 /* AlertViewiOS6UITests.m */; };
		DB06698C1CDB240D004196B8 /* MyAlert.m in Sources */ = {isa = PBXBuildFile; fileRef = DB06698B1CDB240D004196B8 /* MyAlert.m */; };
/* End PBXBuildFile section */

/* Begin PBXContainerItemProxy section */
		DB06696E1CDB237E004196B8 /* PBXContainerItemProxy */ = {
			isa = PBXContainerItemProxy;
			containerPortal = DB06694C1CDB237E004196B8 /* Project object */;
			proxyType = 1;
			remoteGlobalIDString = DB0669531CDB237E004196B8;
			remoteInfo = AlertViewiOS6;
		};
		DB0669791CDB237E004196B8 /* PBXContainerItemProxy */ = {
			isa = PBXContainerItemProxy;
			containerPortal = DB06694C1CDB237E004196B8 /* Project object */;
			proxyType = 1;
			remoteGlobalIDString = DB0669531CDB237E004196B8;
			remoteInfo = AlertViewiOS6;
		};
/* End PBXContainerItemProxy section */

/* Begin PBXFileReference section */
		DB0669541CDB237E004196B8 /* AlertViewiOS6.app */ = {isa = PBXFileReference; explicitFileType = wrapper.application; includeInIndex = 0; path = AlertViewiOS6.app; sourceTree = BUILT_PRODUCTS_DIR; };
		DB0669581CDB237E004196B8 /* main.m */ = {isa = PBXFileReference; lastKnownFileType = sourcecode.c.objc; path = main.m; sourceTree = "<group>"; };
		DB06695A1CDB237E004196B8 /* AppDelegate.h */ = {isa = PBXFileReference; lastKnownFileType = sourcecode.c.h; path = AppDelegate.h; sourceTree = "<group>"; };
		DB06695B1CDB237E004196B8 /* AppDelegate.m */ = {isa = PBXFileReference; lastKnownFileType = sourcecode.c.objc; path = AppDelegate.m; sourceTree = "<group>"; };
		DB06695D1CDB237E004196B8 /* ViewController.h */ = {isa = PBXFileReference; lastKnownFileType = sourcecode.c.h; path = ViewController.h; sourceTree = "<group>"; };
		DB06695E1CDB237E004196B8 /* ViewController.m */ = {isa = PBXFileReference; lastKnownFileType = sourcecode.c.objc; path = ViewController.m; sourceTree = "<group>"; };
		DB0669611CDB237E004196B8 /* Base */ = {isa = PBXFileReference; lastKnownFileType = file.storyboard; name = Base; path = Base.lproj/Main.storyboard; sourceTree = "<group>"; };
		DB0669631CDB237E004196B8 /* Assets.xcassets */ = {isa = PBXFileReference; lastKnownFileType = folder.assetcatalog; path = Assets.xcassets; sourceTree = "<group>"; };
		DB0669661CDB237E004196B8 /* Base */ = {isa = PBXFileReference; lastKnownFileType = file.storyboard; name = Base; path = Base.lproj/LaunchScreen.storyboard; sourceTree = "<group>"; };
		DB0669681CDB237E004196B8 /* Info.plist */ = {isa = PBXFileReference; lastKnownFileType = text.plist.xml; path = Info.plist; sourceTree = "<group>"; };
		DB06696D1CDB237E004196B8 /* AlertViewiOS6Tests.xctest */ = {isa = PBXFileReference; explicitFileType = wrapper.cfbundle; includeInIndex = 0; path = AlertViewiOS6Tests.xctest; sourceTree = BUILT_PRODUCTS_DIR; };
		DB0669711CDB237E004196B8 /* AlertViewiOS6Tests.m */ = {isa = PBXFileReference; lastKnownFileType = sourcecode.c.objc; path = AlertViewiOS6Tests.m; sourceTree = "<group>"; };
		DB0669731CDB237E004196B8 /* Info.plist */ = {isa = PBXFileReference; lastKnownFileType = text.plist.xml; path = Info.plist; sourceTree = "<group>"; };
		DB0669781CDB237E004196B8 /* AlertViewiOS6UITests.xctest */ = {isa = PBXFileReference; explicitFileType = wrapper.cfbundle; includeInIndex = 0; path = AlertViewiOS6UITests.xctest; sourceTree = BUILT_PRODUCTS_DIR; };
		DB06697C1CDB237E004196B8 /* AlertViewiOS6UITests.m */ = {isa = PBXFileReference; lastKnownFileType = sourcecode.c.objc; path = AlertViewiOS6UITests.m; sourceTree = "<group>"; };
		DB06697E1CDB237E004196B8 /* Info.plist */ = {isa = PBXFileReference; lastKnownFileType = text.plist.xml; path = Info.plist; sourceTree = "<group>"; };
		DB06698A1CDB240D004196B8 /* MyAlert.h */ = {isa = PBXFileReference; fileEncoding = 4; lastKnownFileType = sourcecode.c.h; path = MyAlert.h; sourceTree = "<group>"; };
		DB06698B1CDB240D004196B8 /* MyAlert.m */ = {isa = PBXFileReference; fileEncoding = 4; lastKnownFileType = sourcecode.c.objc; path = MyAlert.m; sourceTree = "<group>"; };
/* End PBXFileReference section */

/* Begin PBXFrameworksBuildPhase section */
		DB0669511CDB237E004196B8 /* Frameworks */ = {
			isa = PBXFrameworksBuildPhase;
			buildActionMask = 2147483647;
			files = (
			);
			runOnlyForDeploymentPostprocessing = 0;
		};
		DB06696A1CDB237E004196B8 /* Frameworks */ = {
			isa = PBXFrameworksBuildPhase;
			buildActionMask = 2147483647;
			files = (
			);
			runOnlyForDeploymentPostprocessing = 0;
		};
		DB0669751CDB237E004196B8 /* Frameworks */ = {
			isa = PBXFrameworksBuildPhase;
			buildActionMask = 2147483647;
			files = (
			);
			runOnlyForDeploymentPostprocessing = 0;
		};
/* End PBXFrameworksBuildPhase section */

/* Begin PBXGroup section */
		DB06694B1CDB237E004196B8 = {
			isa = PBXGroup;
			children = (
				DB0669561CDB237E004196B8 /* AlertViewiOS6 */,
				DB0669701CDB237E004196B8 /* AlertViewiOS6Tests */,
				DB06697B1CDB237E004196B8 /* AlertViewiOS6UITests */,
				DB0669551CDB237E004196B8 /* Products */,
			);
			sourceTree = "<group>";
		};
		DB0669551CDB237E004196B8 /* Products */ = {
			isa = PBXGroup;
			children = (
				DB0669541CDB237E004196B8 /* AlertViewiOS6.app */,
				DB06696D1CDB237E004196B8 /* AlertViewiOS6Tests.xctest */,
				DB0669781CDB237E004196B8 /* AlertViewiOS6UITests.xctest */,
			);
			name = Products;
			sourceTree = "<group>";
		};
		DB0669561CDB237E004196B8 /* AlertViewiOS6 */ = {
			isa = PBXGroup;
			children = (
				DB06695A1CDB237E004196B8 /* AppDelegate.h */,
				DB06695B1CDB237E004196B8 /* AppDelegate.m */,
				DB06695D1CDB237E004196B8 /* ViewController.h */,
				DB06695E1CDB237E004196B8 /* ViewController.m */,
				DB06698A1CDB240D004196B8 /* MyAlert.h */,
				DB06698B1CDB240D004196B8 /* MyAlert.m */,
				DB0669601CDB237E004196B8 /* Main.storyboard */,
				DB0669631CDB237E004196B8 /* Assets.xcassets */,
				DB0669651CDB237E004196B8 /* LaunchScreen.storyboard */,
				DB0669681CDB237E004196B8 /* Info.plist */,
				DB0669571CDB237E004196B8 /* Supporting Files */,
			);
			path = AlertViewiOS6;
			sourceTree = "<group>";
		};
		DB0669571CDB237E004196B8 /* Supporting Files */ = {
			isa = PBXGroup;
			children = (
				DB0669581CDB237E004196B8 /* main.m */,
			);
			name = "Supporting Files";
			sourceTree = "<group>";
		};
		DB0669701CDB237E004196B8 /* AlertViewiOS6Tests */ = {
			isa = PBXGroup;
			children = (
				DB0669711CDB237E004196B8 /* AlertViewiOS6Tests.m */,
				DB0669731CDB237E004196B8 /* Info.plist */,
			);
			path = AlertViewiOS6Tests;
			sourceTree = "<group>";
		};
		DB06697B1CDB237E004196B8 /* AlertViewiOS6UITests */ = {
			isa = PBXGroup;
			children = (
				DB06697C1CDB237E004196B8 /* AlertViewiOS6UITests.m */,
				DB06697E1CDB237E004196B8 /* Info.plist */,
			);
			path = AlertViewiOS6UITests;
			sourceTree = "<group>";
		};
/* End PBXGroup section */

/* Begin PBXNativeTarget section */
		DB0669531CDB237E004196B8 /* AlertViewiOS6 */ = {
			isa = PBXNativeTarget;
			buildConfigurationList = DB0669811CDB237E004196B8 /* Build configuration list for PBXNativeTarget "AlertViewiOS6" */;
			buildPhases = (
				DB0669501CDB237E004196B8 /* Sources */,
				DB0669511CDB237E004196B8 /* Frameworks */,
				DB0669521CDB237E004196B8 /* Resources */,
			);
			buildRules = (
			);
			dependencies = (
			);
			name = AlertViewiOS6;
			productName = AlertViewiOS6;
			productReference = DB0669541CDB237E004196B8 /* AlertViewiOS6.app */;
			productType = "com.apple.product-type.application";
		};
		DB06696C1CDB237E004196B8 /* AlertViewiOS6Tests */ = {
			isa = PBXNativeTarget;
			buildConfigurationList = DB0669841CDB237E004196B8 /* Build configuration list for PBXNativeTarget "AlertViewiOS6Tests" */;
			buildPhases = (
				DB0669691CDB237E004196B8 /* Sources */,
				DB06696A1CDB237E004196B8 /* Frameworks */,
				DB06696B1CDB237E004196B8 /* Resources */,
			);
			buildRules = (
			);
			dependencies = (
				DB06696F1CDB237E004196B8 /* PBXTargetDependency */,
			);
			name = AlertViewiOS6Tests;
			productName = AlertViewiOS6Tests;
			productReference = DB06696D1CDB237E004196B8 /* AlertViewiOS6Tests.xctest */;
			productType = "com.apple.product-type.bundle.unit-test";
		};
		DB0669771CDB237E004196B8 /* AlertViewiOS6UITests */ = {
			isa = PBXNativeTarget;
			buildConfigurationList = DB0669871CDB237E004196B8 /* Build configuration list for PBXNativeTarget "AlertViewiOS6UITests" */;
			buildPhases = (
				DB0669741CDB237E004196B8 /* Sources */,
				DB0669751CDB237E004196B8 /* Frameworks */,
				DB0669761CDB237E004196B8 /* Resources */,
			);
			buildRules = (
			);
			dependencies = (
				DB06697A1CDB237E004196B8 /* PBXTargetDependency */,
			);
			name = AlertViewiOS6UITests;
			productName = AlertViewiOS6UITests;
			productReference = DB0669781CDB237E004196B8 /* AlertViewiOS6UITests.xctest */;
			productType = "com.apple.product-type.bundle.ui-testing";
		};
/* End PBXNativeTarget section */

/* Begin PBXProject section */
		DB06694C1CDB237E004196B8 /* Project object */ = {
			isa = PBXProject;
			attributes = {
				LastUpgradeCheck = 0720;
				ORGANIZATIONNAME = "周伟";
				TargetAttributes = {
					DB0669531CDB237E004196B8 = {
						CreatedOnToolsVersion = 7.2.1;
					};
					DB06696C1CDB237E004196B8 = {
						CreatedOnToolsVersion = 7.2.1;
						TestTargetID = DB0669531CDB237E004196B8;
					};
					DB0669771CDB237E004196B8 = {
						CreatedOnToolsVersion = 7.2.1;
						TestTargetID = DB0669531CDB237E004196B8;
					};
				};
			};
			buildConfigurationList = DB06694F1CDB237E004196B8 /* Build configuration list for PBXProject "AlertViewiOS6" */;
			compatibilityVersion = "Xcode 3.2";
			developmentRegion = English;
			hasScannedForEncodings = 0;
			knownRegions = (
				en,
				Base,
			);
			mainGroup = DB06694B1CDB237E004196B8;
			productRefGroup = DB0669551CDB237E004196B8 /* Products */;
			projectDirPath = "";
			projectRoot = "";
			targets = (
				DB0669531CDB237E004196B8 /* AlertViewiOS6 */,
				DB06696C1CDB237E004196B8 /* AlertViewiOS6Tests */,
				DB0669771CDB237E004196B8 /* AlertViewiOS6UITests */,
			);
		};
/* End PBXProject section */

/* Begin PBXResourcesBuildPhase section */
		DB0669521CDB237E004196B8 /* Resources */ = {
			isa = PBXResourcesBuildPhase;
			buildActionMask = 2147483647;
			files = (
				DB0669671CDB237E004196B8 /* LaunchScreen.storyboard in Resources */,
				DB0669641CDB237E004196B8 /* Assets.xcassets in Resources */,
				DB0669621CDB237E004196B8 /* Main.storyboard in Resources */,
			);
			runOnlyForDeploymentPostprocessing = 0;
		};
		DB06696B1CDB237E004196B8 /* Resources */ = {
			isa = PBXResourcesBuildPhase;
			buildActionMask = 2147483647;
			files = (
			);
			runOnlyForDeploymentPostprocessing = 0;
		};
		DB0669761CDB237E004196B8 /* Resources */ = {
			isa = PBXResourcesBuildPhase;
			buildActionMask = 2147483647;
			files = (
			);
			runOnlyForDeploymentPostprocessing = 0;
		};
/* End PBXResourcesBuildPhase section */

/* Begin PBXSourcesBuildPhase section */
		DB0669501CDB237E004196B8 /* Sources */ = {
			isa = PBXSourcesBuildPhase;
			buildActionMask = 2147483647;
			files = (
				DB06695F1CDB237E004196B8 /* ViewController.m in Sources */,
				DB06695C1CDB237E004196B8 /* AppDelegate.m in Sources */,
				DB06698C1CDB240D004196B8 /* MyAlert.m in Sources */,
				DB0669591CDB237E004196B8 /* main.m in Sources */,
			);
			runOnlyForDeploymentPostprocessing = 0;
		};
		DB0669691CDB237E004196B8 /* Sources */ = {
			isa = PBXSourcesBuildPhase;
			buildActionMask = 2147483647;
			files = (
				DB0669721CDB237E004196B8 /* AlertViewiOS6Tests.m in Sources */,
			);
			runOnlyForDeploymentPostprocessing = 0;
		};
		DB0669741CDB237E004196B8 /* Sources */ = {
			isa = PBXSourcesBuildPhase;
			buildActionMask = 2147483647;
			files = (
				DB06697D1CDB237E004196B8 /* AlertViewiOS6UITests.m in Sources */,
			);
			runOnlyForDeploymentPostprocessing = 0;
		};
/* End PBXSourcesBuildPhase section */

/* Begin PBXTargetDependency section */
		DB06696F1CDB237E004196B8 /* PBXTargetDependency */ = {
			isa = PBXTargetDependency;
			target = DB0669531CDB237E004196B8 /* AlertViewiOS6 */;
			targetProxy = DB06696E1CDB237E004196B8 /* PBXContainerItemProxy */;
		};
		DB06697A1CDB237E004196B8 /* PBXTargetDependency */ = {
			isa = PBXTargetDependency;
			target = DB0669531CDB237E004196B8 /* AlertViewiOS6 */;
			targetProxy = DB0669791CDB237E004196B8 /* PBXContainerItemProxy */;
		};
/* End PBXTargetDependency section */

/* Begin PBXVariantGroup section */
		DB0669601CDB237E004196B8 /* Main.storyboard */ = {
			isa = PBXVariantGroup;
			children = (
				DB0669611CDB237E004196B8 /* Base */,
			);
			name = Main.storyboard;
			sourceTree = "<group>";
		};
		DB0669651CDB237E004196B8 /* LaunchScreen.storyboard */ = {
			isa = PBXVariantGroup;
			children = (
				DB0669661CDB237E004196B8 /* Base */,
			);
			name = LaunchScreen.storyboard;
			sourceTree = "<group>";
		};
/* End PBXVariantGroup section */

/* Begin XCBuildConfiguration section */
		DB06697F1CDB237E004196B8 /* Debug */ = {
			isa = XCBuildConfiguration;
			buildSettings = {
				ALWAYS_SEARCH_USER_PATHS = NO;
				CLANG_CXX_LANGUAGE_STANDARD = "gnu++0x";
				CLANG_CXX_LIBRARY = "libc++";
				CLANG_ENABLE_MODULES = YES;
				CLANG_ENABLE_OBJC_ARC = YES;
				CLANG_WARN_BOOL_CONVERSION = YES;
				CLANG_WARN_CONSTANT_CONVERSION = YES;
				CLANG_WARN_DIRECT_OBJC_ISA_USAGE = YES_ERROR;
				CLANG_WARN_EMPTY_BODY = YES;
				CLANG_WARN_ENUM_CONVERSION = YES;
				CLANG_WARN_INT_CONVERSION = YES;
				CLANG_WARN_OBJC_ROOT_CLASS = YES_ERROR;
				CLANG_WARN_UNREACHABLE_CODE = YES;
				CLANG_WARN__DUPLICATE_METHOD_MATCH = YES;
				"CODE_SIGN_IDENTITY[sdk=iphoneos*]" = "iPhone Developer";
				COPY_PHASE_STRIP = NO;
				DEBUG_INFORMATION_FORMAT = dwarf;
				ENABLE_STRICT_OBJC_MSGSEND = YES;
				ENABLE_TESTABILITY = YES;
				GCC_C_LANGUAGE_STANDARD = gnu99;
				GCC_DYNAMIC_NO_PIC = NO;
				GCC_NO_COMMON_BLOCKS = YES;
				GCC_OPTIMIZATION_LEVEL = 0;
				GCC_PREPROCESSOR_DEFINITIONS = (
					"DEBUG=1",
					"$(inherited)",
				);
				GCC_WARN_64_TO_32_BIT_CONVERSION = YES;
				GCC_WARN_ABOUT_RETURN_TYPE = YES_ERROR;
				GCC_WARN_UNDECLARED_SELECTOR = YES;
				GCC_WARN_UNINITIALIZED_AUTOS = YES_AGGRESSIVE;
				GCC_WARN_UNUSED_FUNCTION = YES;
				GCC_WARN_UNUSED_VARIABLE = YES;
				IPHONEOS_DEPLOYMENT_TARGET = 9.2;
				MTL_ENABLE_DEBUG_INFO = YES;
				ONLY_ACTIVE_ARCH = YES;
				SDKROOT = iphoneos;
			};
			name = Debug;
		};
		DB0669801CDB237E004196B8 /* Release */ = {
			isa = XCBuildConfiguration;
			buildSettings = {
				ALWAYS_SEARCH_USER_PATHS = NO;
				CLANG_CXX_LANGUAGE_STANDARD = "gnu++0x";
				CLANG_CXX_LIBRARY = "libc++";
				CLANG_ENABLE_MODULES = YES;
				CLANG_ENABLE_OBJC_ARC = YES;
				CLANG_WARN_BOOL_CONVERSION = YES;
				CLANG_WARN_CONSTANT_CONVERSION = YES;
				CLANG_WARN_DIRECT_OBJC_ISA_USAGE = YES_ERROR;
				CLANG_WARN_EMPTY_BODY = YES;
				CLANG_WARN_ENUM_CONVERSION = YES;
				CLANG_WARN_INT_CONVERSION = YES;
				CLANG_WARN_OBJC_ROOT_CLASS = YES_ERROR;
				CLANG_WARN_UNREACHABLE_CODE = YES;
				CLANG_WARN__DUPLICATE_METHOD_MATCH = YES;
				"CODE_SIGN_IDENTITY[sdk=iphoneos*]" = "iPhone Developer";
				COPY_PHASE_STRIP = NO;
				DEBUG_INFORMATION_FORMAT = "dwarf-with-dsym";
				ENABLE_NS_ASSERTIONS = NO;
				ENABLE_STRICT_OBJC_MSGSEND = YES;
				GCC_C_LANGUAGE_STANDARD = gnu99;
				GCC_NO_COMMON_BLOCKS = YES;
				GCC_WARN_64_TO_32_BIT_CONVERSION = YES;
				GCC_WARN_ABOUT_RETURN_TYPE = YES_ERROR;
				GCC_WARN_UNDECLARED_SELECTOR = YES;
				GCC_WARN_UNINITIALIZED_AUTOS = YES_AGGRESSIVE;
				GCC_WARN_UNUSED_FUNCTION = YES;
				GCC_WARN_UNUSED_VARIABLE = YES;
				IPHONEOS_DEPLOYMENT_TARGET = 9.2;
				MTL_ENABLE_DEBUG_INFO = NO;
				SDKROOT = iphoneos;
				VALIDATE_PRODUCT = YES;
			};
			name = Release;
		};
		DB0669821CDB237E004196B8 /* Debug */ = {
			isa = XCBuildConfiguration;
			buildSettings = {
				ASSETCATALOG_COMPILER_APPICON_NAME = AppIcon;
				INFOPLIST_FILE = AlertViewiOS6/Info.plist;
				LD_RUNPATH_SEARCH_PATHS = "$(inherited) @executable_path/Frameworks";
				PRODUCT_BUNDLE_IDENTIFIER = com.jinbi.AlertViewiOS6;
				PRODUCT_NAME = "$(TARGET_NAME)";
			};
			name = Debug;
		};
		DB0669831CDB237E004196B8 /* Release */ = {
			isa = XCBuildConfiguration;
			buildSettings = {
				ASSETCATALOG_COMPILER_APPICON_NAME = AppIcon;
				INFOPLIST_FILE = AlertViewiOS6/Info.plist;
				LD_RUNPATH_SEARCH_PATHS = "$(inherited) @executable_path/Frameworks";
				PRODUCT_BUNDLE_IDENTIFIER = com.jinbi.AlertViewiOS6;
				PRODUCT_NAME = "$(TARGET_NAME)";
			};
			name = Release;
		};
		DB0669851CDB237E004196B8 /* Debug */ = {
			isa = XCBuildConfiguration;
			buildSettings = {
				BUNDLE_LOADER = "$(TEST_HOST)";
				INFOPLIST_FILE = AlertViewiOS6Tests/Info.plist;
				LD_RUNPATH_SEARCH_PATHS = "$(inherited) @executable_path/Frameworks @loader_path/Frameworks";
				PRODUCT_BUNDLE_IDENTIFIER = com.jinbi.AlertViewiOS6Tests;
				PRODUCT_NAME = "$(TARGET_NAME)";
				TEST_HOST = "$(BUILT_PRODUCTS_DIR)/AlertViewiOS6.app/AlertViewiOS6";
			};
			name = Debug;
		};
		DB0669861CDB237E004196B8 /* Release */ = {
			isa = XCBuildConfiguration;
			buildSettings = {
				BUNDLE_LOADER = "$(TEST_HOST)";
				INFOPLIST_FILE = AlertViewiOS6Tests/Info.plist;
				LD_RUNPATH_SEARCH_PATHS = "$(inherited) @executable_path/Frameworks @loader_path/Frameworks";
				PRODUCT_BUNDLE_IDENTIFIER = com.jinbi.AlertViewiOS6Tests;
				PRODUCT_NAME = "$(TARGET_NAME)";
				TEST_HOST = "$(BUILT_PRODUCTS_DIR)/AlertViewiOS6.app/AlertViewiOS6";
			};
			name = Release;
		};
		DB0669881CDB237E004196B8 /* Debug */ = {
			isa = XCBuildConfiguration;
			buildSettings = {
				INFOPLIST_FILE = AlertViewiOS6UITests/Info.plist;
				LD_RUNPATH_SEARCH_PATHS = "$(inherited) @executable_path/Frameworks @loader_path/Frameworks";
				PRODUCT_BUNDLE_IDENTIFIER = com.jinbi.AlertViewiOS6UITests;
				PRODUCT_NAME = "$(TARGET_NAME)";
				TEST_TARGET_NAME = AlertViewiOS6;
				USES_XCTRUNNER = YES;
			};
			name = Debug;
		};
		DB0669891CDB237E004196B8 /* Release */ = {
			isa = XCBuildConfiguration;
			buildSettings = {
				INFOPLIST_FILE = AlertViewiOS6UITests/Info.plist;
				LD_RUNPATH_SEARCH_PATHS = "$(inherited) @executable_path/Frameworks @loader_path/Frameworks";
				PRODUCT_BUNDLE_IDENTIFIER = com.jinbi.AlertViewiOS6UITests;
				PRODUCT_NAME = "$(TARGET_NAME)";
				TEST_TARGET_NAME = AlertViewiOS6;
				USES_XCTRUNNER = YES;
			};
			name = Release;
		};
/* End XCBuildConfiguration section */

/* Begin XCConfigurationList section */
		DB06694F1CDB237E004196B8 /* Build configuration list for PBXProject "AlertViewiOS6" */ = {
			isa = XCConfigurationList;
			buildConfigurations = (
				DB06697F1CDB237E004196B8 /* Debug */,
				DB0669801CDB237E004196B8 /* Release */,
			);
			defaultConfigurationIsVisible = 0;
			defaultConfigurationName = Release;
		};
		DB0669811CDB237E004196B8 /* Build configuration list for PBXNativeTarget "AlertViewiOS6" */ = {
			isa = XCConfigurationList;
			buildConfigurations = (
				DB0669821CDB237E004196B8 /* Debug */,
				DB0669831CDB237E004196B8 /* Release */,
			);
			defaultConfigurationIsVisible = 0;
		};
		DB0669841CDB237E004196B8 /* Build configuration list for PBXNativeTarget "AlertViewiOS6Tests" */ = {
			isa = XCConfigurationList;
			buildConfigurations = (
				DB0669851CDB237E004196B8 /* Debug */,
				DB0669861CDB237E004196B8 /* Release */,
			);
			defaultConfigurationIsVisible = 0;
		};
		DB0669871CDB237E004196B8 /* Build configuration list for PBXNativeTarget "AlertViewiOS6UITests" */ = {
			isa = XCConfigurationList;
			buildConfigurations = (
				DB0669881CDB237E004196B8 /* Debug */,
				DB0669891CDB237E004196B8 /* Release */,
			);
			defaultConfigurationIsVisible = 0;
		};
/* End XCConfigurationList section */
	};
	rootObject = DB06694C1CDB237E004196B8 /* Project object */;
}
